
Microsoft Visual Studio Solution File, Format Version 12.00
# Visual Studio Version 17
VisualStudioVersion = 17.8.34205.100
MinimumVisualStudioVersion = 10.0.40219.1
Project("{9A19103F-16F7-4668-BE54-9A1E7A4F7556}") = "CourseManager.Backend", "CourseManager.Backend\CourseManager.Backend.csproj", "{075C67E7-BE72-436D-A1DD-B772A239FEA0}"
EndProject
Project("{9A19103F-16F7-4668-BE54-9A1E7A4F7556}") = "CourseManager.UI", "CourseManager.UI\CourseManager.UI.csproj", "{63109889-D06C-4466-A2F6-B5E8B0DE9435}"
EndProject
Global
	GlobalSection(SolutionConfigurationPlatforms) = preSolution
		Debug|Any CPU = Debug|Any CPU
		Release|Any CPU = Release|Any CPU
	EndGlobalSection
	GlobalSection(ProjectConfigurationPlatforms) = postSolution
		{075C67E7-BE72-436D-A1DD-B772A239FEA0}.Debug|Any CPU.ActiveCfg = Debug|Any CPU
		{075C67E7-BE72-436D-A1DD-B772A239FEA0}.Debug|Any CPU.Build.0 = Debug|Any CPU
		{075C67E7-BE72-436D-A1DD-B772A239FEA0}.Release|Any CPU.ActiveCfg = Release|Any CPU
		{075C67E7-BE72-436D-A1DD-B772A239FEA0}.Release|Any CPU.Build.0 = Release|Any CPU
		{63109889-D06C-4466-A2F6-B5E8B0DE9435}.Debug|Any CPU.ActiveCfg = Debug|Any CPU
		{63109889-D06C-4466-A2F6-B5E8B0DE9435}.Debug|Any CPU.Build.0 = Debug|Any CPU
		{63109889-D06C-4466-A2F6-B5E8B0DE9435}.Release|Any CPU.ActiveCfg = Release|Any CPU
		{63109889-D06C-4466-A2F6-B5E8B0DE9435}.Release|Any CPU.Build.0 = Release|Any CPU
	EndGlobalSection
	GlobalSection(SolutionProperties) = preSolution
		HideSolutionNode = FALSE
	EndGlobalSection
	GlobalSection(ExtensibilityGlobals) = postSolution
		SolutionGuid = {2059FEF2-39DF-4317-BEB1-1945833F7406}
	EndGlobalSection
EndGlobal
